
Microsoft Visual Studio Solution File, Format Version 12.00
# Visual Studio Version 17
VisualStudioVersion = 17.0.32112.339
MinimumVisualStudioVersion = 10.0.40219.1
Project("{FAE04EC0-301F-11D3-BF4B-00C04F79EFBC}") = "Web", "Web\Web.csproj", "{42585B02-1CEE-4002-9F45-607EC4924201}"
EndProject
Project("{FAE04EC0-301F-11D3-BF4B-00C04F79EFBC}") = "Helpers", "Helpers\Helpers.csproj", "{F2B3E874-199D-48C0-955F-E2183CAF9DBD}"
EndProject
Project("{FAE04EC0-301F-11D3-BF4B-00C04F79EFBC}") = "BusinessLogic", "BusinessLogic\BusinessLogic.csproj", "{3EDD0B6A-A716-4D9F-96AC-ADC82A1F0130}"
EndProject
Project("{FAE04EC0-301F-11D3-BF4B-00C04F79EFBC}") = "Domain", "Domain\Domain.csproj", "{2B5F3F28-D301-44B1-BEBE-30019A6BFB62}"
EndProject
Project("{FAE04EC0-301F-11D3-BF4B-00C04F79EFBC}") = "Assets", "Assets\Assets.csproj", "{20F2ABD8-3F91-4F91-89F5-CF91234514B3}"
EndProject
Global
	GlobalSection(SolutionConfigurationPlatforms) = preSolution
		Debug|Any CPU = Debug|Any CPU
		Release|Any CPU = Release|Any CPU
	EndGlobalSection
	GlobalSection(ProjectConfigurationPlatforms) = postSolution
		{42585B02-1CEE-4002-9F45-607EC4924201}.Debug|Any CPU.ActiveCfg = Debug|Any CPU
		{42585B02-1CEE-4002-9F45-607EC4924201}.Debug|Any CPU.Build.0 = Debug|Any CPU
		{42585B02-1CEE-4002-9F45-607EC4924201}.Release|Any CPU.ActiveCfg = Release|Any CPU
		{42585B02-1CEE-4002-9F45-607EC4924201}.Release|Any CPU.Build.0 = Release|Any CPU
		{F2B3E874-199D-48C0-955F-E2183CAF9DBD}.Debug|Any CPU.ActiveCfg = Debug|Any CPU
		{F2B3E874-199D-48C0-955F-E2183CAF9DBD}.Debug|Any CPU.Build.0 = Debug|Any CPU
		{F2B3E874-199D-48C0-955F-E2183CAF9DBD}.Release|Any CPU.ActiveCfg = Release|Any CPU
		{F2B3E874-199D-48C0-955F-E2183CAF9DBD}.Release|Any CPU.Build.0 = Release|Any CPU
		{3EDD0B6A-A716-4D9F-96AC-ADC82A1F0130}.Debug|Any CPU.ActiveCfg = Debug|Any CPU
		{3EDD0B6A-A716-4D9F-96AC-ADC82A1F0130}.Debug|Any CPU.Build.0 = Debug|Any CPU
		{3EDD0B6A-A716-4D9F-96AC-ADC82A1F0130}.Release|Any CPU.ActiveCfg = Release|Any CPU
		{3EDD0B6A-A716-4D9F-96AC-ADC82A1F0130}.Release|Any CPU.Build.0 = Release|Any CPU
		{2B5F3F28-D301-44B1-BEBE-30019A6BFB62}.Debug|Any CPU.ActiveCfg = Debug|Any CPU
		{2B5F3F28-D301-44B1-BEBE-30019A6BFB62}.Debug|Any CPU.Build.0 = Debug|Any CPU
		{2B5F3F28-D301-44B1-BEBE-30019A6BFB62}.Release|Any CPU.ActiveCfg = Release|Any CPU
		{2B5F3F28-D301-44B1-BEBE-30019A6BFB62}.Release|Any CPU.Build.0 = Release|Any CPU
		{20F2ABD8-3F91-4F91-89F5-CF91234514B3}.Debug|Any CPU.ActiveCfg = Debug|Any CPU
		{20F2ABD8-3F91-4F91-89F5-CF91234514B3}.Debug|Any CPU.Build.0 = Debug|Any CPU
		{20F2ABD8-3F91-4F91-89F5-CF91234514B3}.Release|Any CPU.ActiveCfg = Release|Any CPU
	EndGlobalSection
	GlobalSection(SolutionProperties) = preSolution
		HideSolutionNode = FALSE
	EndGlobalSection
	GlobalSection(ExtensibilityGlobals) = postSolution
		SolutionGuid = {BE80B6A6-960B-4102-A73C-FF93377FCC84}
	EndGlobalSection
EndGlobal
