
Microsoft Visual Studio Solution File, Format Version 12.00
# Visual Studio Version 17
VisualStudioVersion = 17.5.33414.496
MinimumVisualStudioVersion = 10.0.40219.1
Project("{FAE04EC0-301F-11D3-BF4B-00C04F79EFBC}") = "MovieForum", "MovieForum.csproj", "{A21FA691-DA8C-47D2-A94F-4CBC86007676}"
EndProject
Global
	GlobalSection(SolutionConfigurationPlatforms) = preSolution
		Debug|Any CPU = Debug|Any CPU
		Release|Any CPU = Release|Any CPU
	EndGlobalSection
	GlobalSection(ProjectConfigurationPlatforms) = postSolution
		{A21FA691-DA8C-47D2-A94F-4CBC86007676}.Debug|Any CPU.ActiveCfg = Debug|Any CPU
		{A21FA691-DA8C-47D2-A94F-4CBC86007676}.Debug|Any CPU.Build.0 = Debug|Any CPU
		{A21FA691-DA8C-47D2-A94F-4CBC86007676}.Release|Any CPU.ActiveCfg = Release|Any CPU
		{A21FA691-DA8C-47D2-A94F-4CBC86007676}.Release|Any CPU.Build.0 = Release|Any CPU
	EndGlobalSection
	GlobalSection(SolutionProperties) = preSolution
		HideSolutionNode = FALSE
	EndGlobalSection
	GlobalSection(ExtensibilityGlobals) = postSolution
		SolutionGuid = {6BEEFB58-A660-454A-B9E6-7FE76E06A21B}
	EndGlobalSection
EndGlobal
